Microsoft Visual Studio Solution File, Format Version 12.00
# Visual Studio Version 17
VisualStudioVersion = 17.5.2.0
MinimumVisualStudioVersion = 10.0.40219.1
Project("{2150E333-8FDC-42A3-9474-1A3956D46DE8}") = "examples", "examples", "{B36A84DF-456D-A817-6EDD-3EC3E7F6E11F}"
EndProject
Project("{FAE04EC0-301F-11D3-BF4B-00C04F79EFBC}") = "MinioS3Demo", "examples\MinioS3Demo\MinioS3Demo.csproj", "{A2B0FE24-D334-0700-5E11-FD41F3FCA5A2}"
EndProject
Global
	GlobalSection(SolutionConfigurationPlatforms) = preSolution
		Debug|Any CPU = Debug|Any CPU
		Release|Any CPU = Release|Any CPU
	EndGlobalSection
	GlobalSection(ProjectConfigurationPlatforms) = postSolution
		{A2B0FE24-D334-0700-5E11-FD41F3FCA5A2}.Debug|Any CPU.ActiveCfg = Debug|Any CPU
		{A2B0FE24-D334-0700-5E11-FD41F3FCA5A2}.Debug|Any CPU.Build.0 = Debug|Any CPU
		{A2B0FE24-D334-0700-5E11-FD41F3FCA5A2}.Release|Any CPU.ActiveCfg = Release|Any CPU
		{A2B0FE24-D334-0700-5E11-FD41F3FCA5A2}.Release|Any CPU.Build.0 = Release|Any CPU
	EndGlobalSection
	GlobalSection(SolutionProperties) = preSolution
		HideSolutionNode = FALSE
	EndGlobalSection
	GlobalSection(NestedProjects) = preSolution
		{A2B0FE24-D334-0700-5E11-FD41F3FCA5A2} = {B36A84DF-456D-A817-6EDD-3EC3E7F6E11F}
	EndGlobalSection
	GlobalSection(ExtensibilityGlobals) = postSolution
		SolutionGuid = {857AB7B7-5184-49CC-8195-908CBF899DC2}
	EndGlobalSection
EndGlobal
